{"packages":{"nigori":{"version":"0.0.0","source":"git","description":{"url":"file:///home/drt24/dart/nigori/","ref":null,"resolved-ref":"f02279e765323f12ef6d576ce37f9ad60a586adf"}},"js":{"version":"0.0.13","source":"hosted","description":"js"},"bignum":{"version":"0.0.1","source":"git","description":{"url":"git://github.com/ucam-cl-dtg/dart-bignum.git","ref":null,"resolved-ref":"0253c91ecc3d8670642205ef0c60ef8bde897553"}},"unittest":{"version":"0.2.8+2","source":"hosted","description":"unittest"}}}