{"packages":{"nigori":{"version":"0.0.0","source":"git","description":{"url":"file:///home/drt24/dart/nigori/","ref":null,"resolved-ref":"f4ce98e1dfe07b42a1f117713ec0c66889b9587d"}},"js":{"version":"0.0.13","source":"hosted","description":"js"},"unittest":{"version":"0.2.7","source":"hosted","description":"unittest"}}}