        # Generated by pub. See: http://pub.dartlang.org/doc/glossary.html#lockfile
         {"packages":{"nigori":{"version":"0.0.0","source":"git","description":{"url":"file:///home/drt24/dart/nigori/","ref":null,"resolved-ref":"5fa009f57ea3a4efe82a29b3fef9e3c10ea93204"}},"js":{"version":"0.0.15","source":"hosted","description":"js"},"json_object":{"version":"1.0.8","source":"hosted","description":"json_object"},"protobuf":{"version":"0.0.0","source":"git","description":{"url":"git://github.com/ucam-cl-dtg/dart-protobuf.git","ref":null,"resolved-ref":"2321f176bf9af333f89d724ea9bdf15bf97335a3"}},"bignum":{"version":"0.0.1","source":"git","description":{"url":"git://github.com/ucam-cl-dtg/dart-bignum.git","ref":null,"resolved-ref":"e82f827674e5bd950b347688153adcc45762a446"}},"unittest":{"version":"0.3.4","source":"hosted","description":"unittest"},"browser":{"version":"0.3.4","source":"hosted","description":"browser"},"meta":{"version":"0.3.4","source":"hosted","description":"meta"}}}
        